PODS:
  - Alamofire (4.5.0)
  - SDWebImage (3.8.2):
    - SDWebImage/Core (= 3.8.2)
  - SDWebImage/Core (3.8.2)
  - SVProgressHUD (2.1.2)

DEPENDENCIES:
  - Alamofire
  - SDWebImage (~> 3.8.0)
  - SVProgressHUD (~> 2.1.2)

SPEC CHECKSUMS:
  Alamofire: f28cdffd29de33a7bfa022cbd63ae95a27fae140
  SDWebImage: 098e97e6176540799c27e804c96653ee0833d13c
  SVProgressHUD: c404a55d78acbeb7ebb78b76d3faf986475a6994

PODFILE CHECKSUM: 6337eb50d2cd6d636fe95b3ba8ecf3f21190cd06

COCOAPODS: 1.1.1
